
Microsoft Visual Studio Solution File, Format Version 12.00
# Visual Studio Version 16
VisualStudioVersion = 16.0.29306.81
MinimumVisualStudioVersion = 10.0.40219.1
Project("{FAE04EC0-301F-11D3-BF4B-00C04F79EFBC}") = "WalkingDinner", "WalkingDinner\WalkingDinner.csproj", "{B0E5C99B-4951-4CBF-89F2-DC50947C3214}"
EndProject
Global
	GlobalSection(SolutionConfigurationPlatforms) = preSolution
		Debug|Any CPU = Debug|Any CPU
		Release|Any CPU = Release|Any CPU
	EndGlobalSection
	GlobalSection(ProjectConfigurationPlatforms) = postSolution
		{B0E5C99B-4951-4CBF-89F2-DC50947C3214}.Debug|Any CPU.ActiveCfg = Debug|Any CPU
		{B0E5C99B-4951-4CBF-89F2-DC50947C3214}.Debug|Any CPU.Build.0 = Debug|Any CPU
		{B0E5C99B-4951-4CBF-89F2-DC50947C3214}.Release|Any CPU.ActiveCfg = Release|Any CPU
		{B0E5C99B-4951-4CBF-89F2-DC50947C3214}.Release|Any CPU.Build.0 = Release|Any CPU
	EndGlobalSection
	GlobalSection(SolutionProperties) = preSolution
		HideSolutionNode = FALSE
	EndGlobalSection
	GlobalSection(ExtensibilityGlobals) = postSolution
		SolutionGuid = {4EA608DD-91F6-41E1-92FA-B7E295573FE2}
	EndGlobalSection
EndGlobal
